// !$*UTF8*$!
{
	archiveVersion = 1;
	classes = {
	};
	objectVersion = 50;
	objects = {

/* Begin PBXBuildFile section */
		81100F512510F1ED004A1B58 /* SubString11.swift in Sources */ = {isa = PBXBuildFile; fileRef = 81100F502510F1ED004A1B58 /* SubString11.swift */; };
		8185A3DC250D3F2100C8075D /* AppDelegate.swift in Sources */ = {isa = PBXBuildFile; fileRef = 8185A3DB250D3F2100C8075D /* AppDelegate.swift */; };
		8185A3DE250D3F2100C8075D /* SceneDelegate.swift in Sources */ = {isa = PBXBuildFile; fileRef = 8185A3DD250D3F2100C8075D /* SceneDelegate.swift */; };
		8185A3E0250D3F2100C8075D /* ViewController.swift in Sources */ = {isa = PBXBuildFile; fileRef = 8185A3DF250D3F2100C8075D /* ViewController.swift */; };
		8185A3E3250D3F2100C8075D /* Main.storyboard in Resources */ = {isa = PBXBuildFile; fileRef = 8185A3E1250D3F2100C8075D /* Main.storyboard */; };
		8185A3E5250D3F2200C8075D /* Assets.xcassets in Resources */ = {isa = PBXBuildFile; fileRef = 8185A3E4250D3F2200C8075D /* Assets.xcassets */; };
		8185A3E8250D3F2200C8075D /* LaunchScreen.storyboard in Resources */ = {isa = PBXBuildFile; fileRef = 8185A3E6250D3F2200C8075D /* LaunchScreen.storyboard */; };
		8185A3F1250D3F5500C8075D /* ZigZag.swift in Sources */ = {isa = PBXBuildFile; fileRef = 8185A3F0250D3F5500C8075D /* ZigZag.swift */; };
		8196BD9725272A1D006B8DF5 /* EncodingStrings.swift in Sources */ = {isa = PBXBuildFile; fileRef = 8196BD9625272A1D006B8DF5 /* EncodingStrings.swift */; };
		81A417FD250E88CD006DDC53 /* StockPrice.swift in Sources */ = {isa = PBXBuildFile; fileRef = 81A417FC250E88CD006DDC53 /* StockPrice.swift */; };
		81A417FF250E88E5006DDC53 /* data.json in Resources */ = {isa = PBXBuildFile; fileRef = 81A417FE250E88E5006DDC53 /* data.json */; };
		81CA80A7250E94A1002A3D33 /* Batman.swift in Sources */ = {isa = PBXBuildFile; fileRef = 81CA80A6250E94A1002A3D33 /* Batman.swift */; };
/* End PBXBuildFile section */

/* Begin PBXFileReference section */
		81100F502510F1ED004A1B58 /* SubString11.swift */ = {isa = PBXFileReference; lastKnownFileType = sourcecode.swift; path = SubString11.swift; sourceTree = "<group>"; };
		8185A3D8250D3F2100C8075D /* DS-A.app */ = {isa = PBXFileReference; explicitFileType = wrapper.application; includeInIndex = 0; path = "DS-A.app"; sourceTree = BUILT_PRODUCTS_DIR; };
		8185A3DB250D3F2100C8075D /* AppDelegate.swift */ = {isa = PBXFileReference; lastKnownFileType = sourcecode.swift; path = AppDelegate.swift; sourceTree = "<group>"; };
		8185A3DD250D3F2100C8075D /* SceneDelegate.swift */ = {isa = PBXFileReference; lastKnownFileType = sourcecode.swift; path = SceneDelegate.swift; sourceTree = "<group>"; };
		8185A3DF250D3F2100C8075D /* ViewController.swift */ = {isa = PBXFileReference; lastKnownFileType = sourcecode.swift; path = ViewController.swift; sourceTree = "<group>"; };
		8185A3E2250D3F2100C8075D /* Base */ = {isa = PBXFileReference; lastKnownFileType = file.storyboard; name = Base; path = Base.lproj/Main.storyboard; sourceTree = "<group>"; };
		8185A3E4250D3F2200C8075D /* Assets.xcassets */ = {isa = PBXFileReference; lastKnownFileType = folder.assetcatalog; path = Assets.xcassets; sourceTree = "<group>"; };
		8185A3E7250D3F2200C8075D /* Base */ = {isa = PBXFileReference; lastKnownFileType = file.storyboard; name = Base; path = Base.lproj/LaunchScreen.storyboard; sourceTree = "<group>"; };
		8185A3E9250D3F2200C8075D /* Info.plist */ = {isa = PBXFileReference; lastKnownFileType = text.plist.xml; path = Info.plist; sourceTree = "<group>"; };
		8185A3F0250D3F5500C8075D /* ZigZag.swift */ = {isa = PBXFileReference; lastKnownFileType = sourcecode.swift; path = ZigZag.swift; sourceTree = "<group>"; };
		8196BD9625272A1D006B8DF5 /* EncodingStrings.swift */ = {isa = PBXFileReference; lastKnownFileType = sourcecode.swift; path = EncodingStrings.swift; sourceTree = "<group>"; };
		81A417FC250E88CD006DDC53 /* StockPrice.swift */ = {isa = PBXFileReference; lastKnownFileType = sourcecode.swift; path = StockPrice.swift; sourceTree = "<group>"; };
		81A417FE250E88E5006DDC53 /* data.json */ = {isa = PBXFileReference; fileEncoding = 4; lastKnownFileType = text.json; path = data.json; sourceTree = "<group>"; };
		81CA80A6250E94A1002A3D33 /* Batman.swift */ = {isa = PBXFileReference; lastKnownFileType = sourcecode.swift; path = Batman.swift; sourceTree = "<group>"; };
/* End PBXFileReference section */

/* Begin PBXFrameworksBuildPhase section */
		8185A3D5250D3F2100C8075D /* Frameworks */ = {
			isa = PBXFrameworksBuildPhase;
			buildActionMask = 2147483647;
			files = (
			);
			runOnlyForDeploymentPostprocessing = 0;
		};
/* End PBXFrameworksBuildPhase section */

/* Begin PBXGroup section */
		81100F4F2510F1D8004A1B58 /* SubString11 */ = {
			isa = PBXGroup;
			children = (
				81100F502510F1ED004A1B58 /* SubString11.swift */,
			);
			path = SubString11;
			sourceTree = "<group>";
		};
		8185A3CF250D3F2100C8075D = {
			isa = PBXGroup;
			children = (
				8196BD95252729FD006B8DF5 /* Encoding */,
				81100F4F2510F1D8004A1B58 /* SubString11 */,
				81CA80A5250E9493002A3D33 /* Batman */,
				81A417FB250E88BE006DDC53 /* StockPrice */,
				8185A3EF250D3F3400C8075D /* ZigZag */,
				8185A3DA250D3F2100C8075D /* DS-A */,
				8185A3D9250D3F2100C8075D /* Products */,
			);
			sourceTree = "<group>";
		};
		8185A3D9250D3F2100C8075D /* Products */ = {
			isa = PBXGroup;
			children = (
				8185A3D8250D3F2100C8075D /* DS-A.app */,
			);
			name = Products;
			sourceTree = "<group>";
		};
		8185A3DA250D3F2100C8075D /* DS-A */ = {
			isa = PBXGroup;
			children = (
				8185A3DB250D3F2100C8075D /* AppDelegate.swift */,
				8185A3DD250D3F2100C8075D /* SceneDelegate.swift */,
				8185A3DF250D3F2100C8075D /* ViewController.swift */,
				8185A3E1250D3F2100C8075D /* Main.storyboard */,
				8185A3E4250D3F2200C8075D /* Assets.xcassets */,
				8185A3E6250D3F2200C8075D /* LaunchScreen.storyboard */,
				8185A3E9250D3F2200C8075D /* Info.plist */,
			);
			path = "DS-A";
			sourceTree = "<group>";
		};
		8185A3EF250D3F3400C8075D /* ZigZag */ = {
			isa = PBXGroup;
			children = (
				8185A3F0250D3F5500C8075D /* ZigZag.swift */,
			);
			path = ZigZag;
			sourceTree = "<group>";
		};
		8196BD95252729FD006B8DF5 /* Encoding */ = {
			isa = PBXGroup;
			children = (
				8196BD9625272A1D006B8DF5 /* EncodingStrings.swift */,
			);
			path = Encoding;
			sourceTree = "<group>";
		};
		81A417FB250E88BE006DDC53 /* StockPrice */ = {
			isa = PBXGroup;
			children = (
				81A417FC250E88CD006DDC53 /* StockPrice.swift */,
				81A417FE250E88E5006DDC53 /* data.json */,
			);
			path = StockPrice;
			sourceTree = "<group>";
		};
		81CA80A5250E9493002A3D33 /* Batman */ = {
			isa = PBXGroup;
			children = (
				81CA80A6250E94A1002A3D33 /* Batman.swift */,
			);
			path = Batman;
			sourceTree = "<group>";
		};
/* End PBXGroup section */

/* Begin PBXNativeTarget section */
		8185A3D7250D3F2100C8075D /* DS-A */ = {
			isa = PBXNativeTarget;
			buildConfigurationList = 8185A3EC250D3F2200C8075D /* Build configuration list for PBXNativeTarget "DS-A" */;
			buildPhases = (
				8185A3D4250D3F2100C8075D /* Sources */,
				8185A3D5250D3F2100C8075D /* Frameworks */,
				8185A3D6250D3F2100C8075D /* Resources */,
			);
			buildRules = (
			);
			dependencies = (
			);
			name = "DS-A";
			productName = "DS-A";
			productReference = 8185A3D8250D3F2100C8075D /* DS-A.app */;
			productType = "com.apple.product-type.application";
		};
/* End PBXNativeTarget section */

/* Begin PBXProject section */
		8185A3D0250D3F2100C8075D /* Project object */ = {
			isa = PBXProject;
			attributes = {
				LastSwiftUpdateCheck = 1160;
				LastUpgradeCheck = 1160;
				ORGANIZATIONNAME = "Norman, ThankaVijay";
				TargetAttributes = {
					8185A3D7250D3F2100C8075D = {
						CreatedOnToolsVersion = 11.6;
					};
				};
			};
			buildConfigurationList = 8185A3D3250D3F2100C8075D /* Build configuration list for PBXProject "DS-A" */;
			compatibilityVersion = "Xcode 9.3";
			developmentRegion = en;
			hasScannedForEncodings = 0;
			knownRegions = (
				en,
				Base,
			);
			mainGroup = 8185A3CF250D3F2100C8075D;
			productRefGroup = 8185A3D9250D3F2100C8075D /* Products */;
			projectDirPath = "";
			projectRoot = "";
			targets = (
				8185A3D7250D3F2100C8075D /* DS-A */,
			);
		};
/* End PBXProject section */

/* Begin PBXResourcesBuildPhase section */
		8185A3D6250D3F2100C8075D /* Resources */ = {
			isa = PBXResourcesBuildPhase;
			buildActionMask = 2147483647;
			files = (
				8185A3E8250D3F2200C8075D /* LaunchScreen.storyboard in Resources */,
				8185A3E5250D3F2200C8075D /* Assets.xcassets in Resources */,
				8185A3E3250D3F2100C8075D /* Main.storyboard in Resources */,
				81A417FF250E88E5006DDC53 /* data.json in Resources */,
			);
			runOnlyForDeploymentPostprocessing = 0;
		};
/* End PBXResourcesBuildPhase section */

/* Begin PBXSourcesBuildPhase section */
		8185A3D4250D3F2100C8075D /* Sources */ = {
			isa = PBXSourcesBuildPhase;
			buildActionMask = 2147483647;
			files = (
				81100F512510F1ED004A1B58 /* SubString11.swift in Sources */,
				8196BD9725272A1D006B8DF5 /* EncodingStrings.swift in Sources */,
				81CA80A7250E94A1002A3D33 /* Batman.swift in Sources */,
				8185A3E0250D3F2100C8075D /* ViewController.swift in Sources */,
				8185A3DC250D3F2100C8075D /* AppDelegate.swift in Sources */,
				81A417FD250E88CD006DDC53 /* StockPrice.swift in Sources */,
				8185A3DE250D3F2100C8075D /* SceneDelegate.swift in Sources */,
				8185A3F1250D3F5500C8075D /* ZigZag.swift in Sources */,
			);
			runOnlyForDeploymentPostprocessing = 0;
		};
/* End PBXSourcesBuildPhase section */

/* Begin PBXVariantGroup section */
		8185A3E1250D3F2100C8075D /* Main.storyboard */ = {
			isa = PBXVariantGroup;
			children = (
				8185A3E2250D3F2100C8075D /* Base */,
			);
			name = Main.storyboard;
			sourceTree = "<group>";
		};
		8185A3E6250D3F2200C8075D /* LaunchScreen.storyboard */ = {
			isa = PBXVariantGroup;
			children = (
				8185A3E7250D3F2200C8075D /* Base */,
			);
			name = LaunchScreen.storyboard;
			sourceTree = "<group>";
		};
/* End PBXVariantGroup section */

/* Begin XCBuildConfiguration section */
		8185A3EA250D3F2200C8075D /* Debug */ = {
			isa = XCBuildConfiguration;
			buildSettings = {
				ALWAYS_SEARCH_USER_PATHS = NO;
				CLANG_ANALYZER_NONNULL = YES;
				CLANG_ANALYZER_NUMBER_OBJECT_CONVERSION = YES_AGGRESSIVE;
				CLANG_CXX_LANGUAGE_STANDARD = "gnu++14";
				CLANG_CXX_LIBRARY = "libc++";
				CLANG_ENABLE_MODULES = YES;
				CLANG_ENABLE_OBJC_ARC = YES;
				CLANG_ENABLE_OBJC_WEAK = YES;
				CLANG_WARN_BLOCK_CAPTURE_AUTORELEASING = YES;
				CLANG_WARN_BOOL_CONVERSION = YES;
				CLANG_WARN_COMMA = YES;
				CLANG_WARN_CONSTANT_CONVERSION = YES;
				CLANG_WARN_DEPRECATED_OBJC_IMPLEMENTATIONS = YES;
				CLANG_WARN_DIRECT_OBJC_ISA_USAGE = YES_ERROR;
				CLANG_WARN_DOCUMENTATION_COMMENTS = YES;
				CLANG_WARN_EMPTY_BODY = YES;
				CLANG_WARN_ENUM_CONVERSION = YES;
				CLANG_WARN_INFINITE_RECURSION = YES;
				CLANG_WARN_INT_CONVERSION = YES;
				CLANG_WARN_NON_LITERAL_NULL_CONVERSION = YES;
				CLANG_WARN_OBJC_IMPLICIT_RETAIN_SELF = YES;
				CLANG_WARN_OBJC_LITERAL_CONVERSION = YES;
				CLANG_WARN_OBJC_ROOT_CLASS = YES_ERROR;
				CLANG_WARN_RANGE_LOOP_ANALYSIS = YES;
				CLANG_WARN_STRICT_PROTOTYPES = YES;
				CLANG_WARN_SUSPICIOUS_MOVE = YES;
				CLANG_WARN_UNGUARDED_AVAILABILITY = YES_AGGRESSIVE;
				CLANG_WARN_UNREACHABLE_CODE = YES;
				CLANG_WARN__DUPLICATE_METHOD_MATCH = YES;
				COPY_PHASE_STRIP = NO;
				DEBUG_INFORMATION_FORMAT = dwarf;
				ENABLE_STRICT_OBJC_MSGSEND = YES;
				ENABLE_TESTABILITY = YES;
				GCC_C_LANGUAGE_STANDARD = gnu11;
				GCC_DYNAMIC_NO_PIC = NO;
				GCC_NO_COMMON_BLOCKS = YES;
				GCC_OPTIMIZATION_LEVEL = 0;
				GCC_PREPROCESSOR_DEFINITIONS = (
					"DEBUG=1",
					"$(inherited)",
				);
				GCC_WARN_64_TO_32_BIT_CONVERSION = YES;
				GCC_WARN_ABOUT_RETURN_TYPE = YES_ERROR;
				GCC_WARN_UNDECLARED_SELECTOR = YES;
				GCC_WARN_UNINITIALIZED_AUTOS = YES_AGGRESSIVE;
				GCC_WARN_UNUSED_FUNCTION = YES;
				GCC_WARN_UNUSED_VARIABLE = YES;
				IPHONEOS_DEPLOYMENT_TARGET = 13.6;
				MTL_ENABLE_DEBUG_INFO = INCLUDE_SOURCE;
				MTL_FAST_MATH = YES;
				ONLY_ACTIVE_ARCH = YES;
				SDKROOT = iphoneos;
				SWIFT_ACTIVE_COMPILATION_CONDITIONS = DEBUG;
				SWIFT_OPTIMIZATION_LEVEL = "-Onone";
			};
			name = Debug;
		};
		8185A3EB250D3F2200C8075D /* Release */ = {
			isa = XCBuildConfiguration;
			buildSettings = {
				ALWAYS_SEARCH_USER_PATHS = NO;
				CLANG_ANALYZER_NONNULL = YES;
				CLANG_ANALYZER_NUMBER_OBJECT_CONVERSION = YES_AGGRESSIVE;
				CLANG_CXX_LANGUAGE_STANDARD = "gnu++14";
				CLANG_CXX_LIBRARY = "libc++";
				CLANG_ENABLE_MODULES = YES;
				CLANG_ENABLE_OBJC_ARC = YES;
				CLANG_ENABLE_OBJC_WEAK = YES;
				CLANG_WARN_BLOCK_CAPTURE_AUTORELEASING = YES;
				CLANG_WARN_BOOL_CONVERSION = YES;
				CLANG_WARN_COMMA = YES;
				CLANG_WARN_CONSTANT_CONVERSION = YES;
				CLANG_WARN_DEPRECATED_OBJC_IMPLEMENTATIONS = YES;
				CLANG_WARN_DIRECT_OBJC_ISA_USAGE = YES_ERROR;
				CLANG_WARN_DOCUMENTATION_COMMENTS = YES;
				CLANG_WARN_EMPTY_BODY = YES;
				CLANG_WARN_ENUM_CONVERSION = YES;
				CLANG_WARN_INFINITE_RECURSION = YES;
				CLANG_WARN_INT_CONVERSION = YES;
				CLANG_WARN_NON_LITERAL_NULL_CONVERSION = YES;
				CLANG_WARN_OBJC_IMPLICIT_RETAIN_SELF = YES;
				CLANG_WARN_OBJC_LITERAL_CONVERSION = YES;
				CLANG_WARN_OBJC_ROOT_CLASS = YES_ERROR;
				CLANG_WARN_RANGE_LOOP_ANALYSIS = YES;
				CLANG_WARN_STRICT_PROTOTYPES = YES;
				CLANG_WARN_SUSPICIOUS_MOVE = YES;
				CLANG_WARN_UNGUARDED_AVAILABILITY = YES_AGGRESSIVE;
				CLANG_WARN_UNREACHABLE_CODE = YES;
				CLANG_WARN__DUPLICATE_METHOD_MATCH = YES;
				COPY_PHASE_STRIP = NO;
				DEBUG_INFORMATION_FORMAT = "dwarf-with-dsym";
				ENABLE_NS_ASSERTIONS = NO;
				ENABLE_STRICT_OBJC_MSGSEND = YES;
				GCC_C_LANGUAGE_STANDARD = gnu11;
				GCC_NO_COMMON_BLOCKS = YES;
				GCC_WARN_64_TO_32_BIT_CONVERSION = YES;
				GCC_WARN_ABOUT_RETURN_TYPE = YES_ERROR;
				GCC_WARN_UNDECLARED_SELECTOR = YES;
				GCC_WARN_UNINITIALIZED_AUTOS = YES_AGGRESSIVE;
				GCC_WARN_UNUSED_FUNCTION = YES;
				GCC_WARN_UNUSED_VARIABLE = YES;
				IPHONEOS_DEPLOYMENT_TARGET = 13.6;
				MTL_ENABLE_DEBUG_INFO = NO;
				MTL_FAST_MATH = YES;
				SDKROOT = iphoneos;
				SWIFT_COMPILATION_MODE = wholemodule;
				SWIFT_OPTIMIZATION_LEVEL = "-O";
				VALIDATE_PRODUCT = YES;
			};
			name = Release;
		};
		8185A3ED250D3F2200C8075D /* Debug */ = {
			isa = XCBuildConfiguration;
			buildSettings = {
				ASSETCATALOG_COMPILER_APPICON_NAME = AppIcon;
				CODE_SIGN_STYLE = Automatic;
				INFOPLIST_FILE = "DS-A/Info.plist";
				LD_RUNPATH_SEARCH_PATHS = (
					"$(inherited)",
					"@executable_path/Frameworks",
				);
				PRODUCT_BUNDLE_IDENTIFIER = "normanndot.DS-A";
				PRODUCT_NAME = "$(TARGET_NAME)";
				SWIFT_VERSION = 5.0;
				TARGETED_DEVICE_FAMILY = "1,2";
			};
			name = Debug;
		};
		8185A3EE250D3F2200C8075D /* Release */ = {
			isa = XCBuildConfiguration;
			buildSettings = {
				ASSETCATALOG_COMPILER_APPICON_NAME = AppIcon;
				CODE_SIGN_STYLE = Automatic;
				INFOPLIST_FILE = "DS-A/Info.plist";
				LD_RUNPATH_SEARCH_PATHS = (
					"$(inherited)",
					"@executable_path/Frameworks",
				);
				PRODUCT_BUNDLE_IDENTIFIER = "normanndot.DS-A";
				PRODUCT_NAME = "$(TARGET_NAME)";
				SWIFT_VERSION = 5.0;
				TARGETED_DEVICE_FAMILY = "1,2";
			};
			name = Release;
		};
/* End XCBuildConfiguration section */

/* Begin XCConfigurationList section */
		8185A3D3250D3F2100C8075D /* Build configuration list for PBXProject "DS-A" */ = {
			isa = XCConfigurationList;
			buildConfigurations = (
				8185A3EA250D3F2200C8075D /* Debug */,
				8185A3EB250D3F2200C8075D /* Release */,
			);
			defaultConfigurationIsVisible = 0;
			defaultConfigurationName = Release;
		};
		8185A3EC250D3F2200C8075D /* Build configuration list for PBXNativeTarget "DS-A" */ = {
			isa = XCConfigurationList;
			buildConfigurations = (
				8185A3ED250D3F2200C8075D /* Debug */,
				8185A3EE250D3F2200C8075D /* Release */,
			);
			defaultConfigurationIsVisible = 0;
			defaultConfigurationName = Release;
		};
/* End XCConfigurationList section */
	};
	rootObject = 8185A3D0250D3F2100C8075D /* Project object */;
}
